{
  "version": "5",
  "specifiers": {
    "jsr:@std/assert@^1.0.14": "1.0.19",
    "jsr:@std/internal@^1.0.12": "1.0.14",
    "npm:pino@10.3.1": "10.3.1",
    "npm:rolldown@1.1.2": "1.1.2",
    "npm:safe-stable-stringify@2": "2.5.0"
  },
  "jsr": {
    "@std/assert@1.0.19": {
      "integrity": "eaada96ee120cb980bc47e040f82814d786fe8162ecc53c91d8df60b8755991e",
      "dependencies": [
        "jsr:@std/internal"
      ]
    },
    "@std/internal@1.0.14": {
      "integrity": "291516b3d4c35024d6ffbc0a9df5bf4c64116e05b50012cf846710152d2ffdf7"
    }
  },
  "npm": {
    "@emnapi/core@1.11.1": {
      "integrity": "sha512-RSvbQmHzdKzNsLYa/wHrbc3KN4sYLKAdPZxqiM2HATqv/SBk2/ENSHpvXGaLOMcsAyz0poEGqkmmKYG3OWiJEQ==",
      "dependencies": [
        "@emnapi/wasi-threads",
        "tslib"
      ]
    },
    "@emnapi/runtime@1.11.1": {
      "integrity": "sha512-vgj7R3y3Wgx24IQaGPA/R6YFXLHVMOZ0uVEyIQPaWs+rd1AzfEMXlAC22FYwO1XkKR6NPsq7mUandH8oIRdZFw==",
      "dependencies": [
        "tslib"
      ]
    },
    "@emnapi/wasi-threads@1.2.2": {
      "integrity": "sha512-c95qOXkHdydNKhscBTebqEC1CVAZpyqOfVfBzQ1qgzyl3gfeldUjIggDbIZgDKsHLgnsM+igH7TJ/eAasaVuMA==",
      "dependencies": [
        "tslib"
      ]
    },
    "@napi-rs/wasm-runtime@1.1.5_@emnapi+core@1.11.1_@emnapi+runtime@1.11.1": {
      "integrity": "sha512-AWPoBRJ9tsnVhor4sjO7rkni+7p+2IAEFj6cx06UgP10jkQHqay/36uRV/bFkgrh18D9vb4cr8Q0Pthskgzy+Q==",
      "dependencies": [
        "@emnapi/core",
        "@emnapi/runtime",
        "@tybys/wasm-util"
      ]
    },
    "@oxc-project/types@0.137.0": {
      "integrity": "sha512-WT+Gb24i8hmvo85AIv2oEYouEXkRlKAlT9WaCa3TfLgNCN+GhrJOGZuIlMouAh38Qe4QOx26eUOVsq70qXrywA=="
    },
    "@pinojs/redact@0.4.0": {
      "integrity": "sha512-k2ENnmBugE/rzQfEcdWHcCY+/FM3VLzH9cYEsbdsoqrvzAKRhUZeRNhAZvB8OitQJ1TBed3yqWtdjzS6wJKBwg=="
    },
    "@rolldown/binding-android-arm64@1.1.2": {
      "integrity": "sha512-2cZ+7xRS+DBcuJBJKnfzsbleumJhBqSlJVpuzHC0nTqfd3QQ7Vx2/x5YR/D7cBamKSeWplwo82Fn9lqYUDEMfA==",
      "os": ["android"],
      "cpu": ["arm64"]
    },
    "@rolldown/binding-darwin-arm64@1.1.2": {
      "integrity": "sha512-RkPMJnygxsgOYdkfqgpwY0/Fzm8d0VQe6HGU2/B00Xa9eqdLbrII+DOKAodbJAn3ZL1AJxGHkZRPYazgGY6Ljw==",
      "os": ["darwin"],
      "cpu": ["arm64"]
    },
    "@rolldown/binding-darwin-x64@1.1.2": {
      "integrity": "sha512-Uiczh6vFhwyfd7WNe7Q7mCA4KxAiLdz7jPE/WGizfRpIieoyFuNVMmM8HqZ9HwudTkY6/AeMQwlNJ9NJijguWw==",
      "os": ["darwin"],
      "cpu": ["x64"]
    },
    "@rolldown/binding-freebsd-x64@1.1.2": {
      "integrity": "sha512-+TpdtTRgHiJFjCVFbw311SuLk3KfytPOQQn+VlAEv+gBxYPtL7E6JS9e/tk+8CwxhIZvemJKo4rTKgfWNsKkkA==",
      "os": ["freebsd"],
      "cpu": ["x64"]
    },
    "@rolldown/binding-linux-arm-gnueabihf@1.1.2": {
      "integrity": "sha512-4lv1/tkmi7ueIVHnyreaOeUpiZP26BH9rRy6hoYfR9310A2B9nUEVRDvBx69vx64Nr3eTPPRkyciqJJs+j9Jmw==",
      "os": ["linux"],
      "cpu": ["arm"]
    },
    "@rolldown/binding-linux-arm64-gnu@1.1.2": {
      "integrity": "sha512-gBSUVO0eaWgw1JMjK3gB8BMlX2Mk148s2lTiVT3e9vjVxbl7UDfMWWY8CfIaaqiXuM9fVTMxIpUz6CAo/B6Vlw==",
      "os": ["linux"],
      "cpu": ["arm64"]
    },
    "@rolldown/binding-linux-arm64-musl@1.1.2": {
      "integrity": "sha512-LjQP/iZLBu8o8PjIfk4x3At0/mT6h282pvz8Z5LAyhGbu/kDezyO7ea62rF5uoqmgnIYqbN/MqJ3Si3Aymi7xQ==",
      "os": ["linux"],
      "cpu": ["arm64"]
    },
    "@rolldown/binding-linux-ppc64-gnu@1.1.2": {
      "integrity": "sha512-X/7bVLWelEsbyWDUSXt7zVsTniLLPIY2n1rH58qr78l9i7MNbbxBWD8gI2vRfBWf4NUXJCUuQnfZDsp32LqsfQ==",
      "os": ["linux"],
      "cpu": ["ppc64"]
    },
    "@rolldown/binding-linux-s390x-gnu@1.1.2": {
      "integrity": "sha512-gb6dYKW/1KDorGXyy48glEBJs/sxVSC5pcVrox/pFGV4mvwSFeg2sK5L2tRkVsVlh7kueqOgg4GEcuipJcGuKg==",
      "os": ["linux"],
      "cpu": ["s390x"]
    },
    "@rolldown/binding-linux-x64-gnu@1.1.2": {
      "integrity": "sha512-JY4w85pU3iAiJVMh5nuk4/Mh9GjMsupe8MrIN53rwxAZW64GKrWeJBuN6SxQg9QTU5uB1cxyhDzW8jqRn1EABw==",
      "os": ["linux"],
      "cpu": ["x64"]
    },
    "@rolldown/binding-linux-x64-musl@1.1.2": {
      "integrity": "sha512-xvpA7o5KCYLB0Rwscmuylb1/zHHSUx4g4xilm4prC5jP76pEUlzBmMbgpbh7bVDbId4NcfT96gN5i6mE6UDaiw==",
      "os": ["linux"],
      "cpu": ["x64"]
    },
    "@rolldown/binding-openharmony-arm64@1.1.2": {
      "integrity": "sha512-p/ts6KBLjuk49Bp21XH77poQGt02iNz7ChgHep7tudPOaLinR/De/RHdxF8w8Yj4r/bF/bqXwH6PZrB2sA+Nvw==",
      "os": ["openharmony"],
      "cpu": ["arm64"]
    },
    "@rolldown/binding-wasm32-wasi@1.1.2": {
      "integrity": "sha512-VMu/wmrZ9hJzYlRhbw7jK5PODlugyKZ5mOdX78+lS8OvuFkWNQdz1pFLrI2p3P0pjXOmUZ7B48o5VnMH9QOGtg==",
      "dependencies": [
        "@emnapi/core",
        "@emnapi/runtime",
        "@napi-rs/wasm-runtime"
      ],
      "cpu": ["wasm32"]
    },
    "@rolldown/binding-win32-arm64-msvc@1.1.2": {
      "integrity": "sha512-xtUJqs8qEkuSviS0n1tsohaPuz3a1SPhZywOji4Oo+sgrJs8daEDMZ0QtqL0OS7dx8PoVpg2J/ZZycPY5I2+Zg==",
      "os": ["win32"],
      "cpu": ["arm64"]
    },
    "@rolldown/binding-win32-x64-msvc@1.1.2": {
      "integrity": "sha512-85YiLQqjUKgSO/Zjnf9e0XIn5Ymrh1fLDWBeAkZqpuBR/3R8TpfoHXuyblqyQrftSSgWO9qpcHN8mkyKsLraoA==",
      "os": ["win32"],
      "cpu": ["x64"]
    },
    "@rolldown/pluginutils@1.0.1": {
      "integrity": "sha512-2j9bGt5Jh8hj+vPtgzPtl72j0yRxHAyumoo6TNfAjsLB04UtpSvPbPcDcBMxz7n+9CYB0c1GxQFxYRg2jimqGw=="
    },
    "@tybys/wasm-util@0.10.2": {
      "integrity": "sha512-RoBvJ2X0wuKlWFIjrwffGw1IqZHKQqzIchKaadZZfnNpsAYp2mM0h36JtPCjNDAHGgYez/15uMBpfGwchhiMgg==",
      "dependencies": [
        "tslib"
      ]
    },
    "atomic-sleep@1.0.0": {
      "integrity": "sha512-kNOjDqAh7px0XWNI+4QbzoiR/nTkHAWNud2uvnJquD1/x5a7EQZMJT0AczqK0Qn67oY/TTQ1LbUKajZpp3I9tQ=="
    },
    "on-exit-leak-free@2.1.2": {
      "integrity": "sha512-0eJJY6hXLGf1udHwfNftBqH+g73EU4B504nZeKpz1sYRKafAghwxEJunB2O7rDZkL4PGfsMVnTXZ2EjibbqcsA=="
    },
    "pino-abstract-transport@3.0.0": {
      "integrity": "sha512-wlfUczU+n7Hy/Ha5j9a/gZNy7We5+cXp8YL+X+PG8S0KXxw7n/JXA3c46Y0zQznIJ83URJiwy7Lh56WLokNuxg==",
      "dependencies": [
        "split2"
      ]
    },
    "pino-std-serializers@7.1.0": {
      "integrity": "sha512-BndPH67/JxGExRgiX1dX0w1FvZck5Wa4aal9198SrRhZjH3GxKQUKIBnYJTdj2HDN3UQAS06HlfcSbQj2OHmaw=="
    },
    "pino@10.3.1": {
      "integrity": "sha512-r34yH/GlQpKZbU1BvFFqOjhISRo1MNx1tWYsYvmj6KIRHSPMT2+yHOEb1SG6NMvRoHRF0a07kCOox/9yakl1vg==",
      "dependencies": [
        "@pinojs/redact",
        "atomic-sleep",
        "on-exit-leak-free",
        "pino-abstract-transport",
        "pino-std-serializers",
        "process-warning",
        "quick-format-unescaped",
        "real-require@0.2.0",
        "safe-stable-stringify",
        "sonic-boom",
        "thread-stream"
      ],
      "bin": true
    },
    "process-warning@5.0.0": {
      "integrity": "sha512-a39t9ApHNx2L4+HBnQKqxxHNs1r7KF+Intd8Q/g1bUh6q0WIp9voPXJ/x0j+ZL45KF1pJd9+q2jLIRMfvEshkA=="
    },
    "quick-format-unescaped@4.0.4": {
      "integrity": "sha512-tYC1Q1hgyRuHgloV/YXs2w15unPVh8qfu/qCTfhTYamaw7fyhumKa2yGpdSo87vY32rIclj+4fWYQXUMs9EHvg=="
    },
    "real-require@0.2.0": {
      "integrity": "sha512-57frrGM/OCTLqLOAh0mhVA9VBMHd+9U7Zb2THMGdBUoZVOtGbJzjxsYGDJ3A9AYYCP4hn6y1TVbaOfzWtm5GFg=="
    },
    "real-require@1.0.0": {
      "integrity": "sha512-P4nbQYQfePJxRSmY+v/KINxVucm4NF3p3s7pJveMTtom52FR4YGltUQLB8idDXwDDWW+eYrWDFbuzUnjoWHF7g=="
    },
    "rolldown@1.1.2": {
      "integrity": "sha512-x0CrQQqCXWGeI8dTvFfN/Dnv3yMKT9hv5jFjlOreKAx9wqLq9wz7VvLLHyaAXC90/CpggTu9SisSbsJJTPSjNQ==",
      "dependencies": [
        "@oxc-project/types",
        "@rolldown/pluginutils"
      ],
      "optionalDependencies": [
        "@rolldown/binding-android-arm64",
        "@rolldown/binding-darwin-arm64",
        "@rolldown/binding-darwin-x64",
        "@rolldown/binding-freebsd-x64",
        "@rolldown/binding-linux-arm-gnueabihf",
        "@rolldown/binding-linux-arm64-gnu",
        "@rolldown/binding-linux-arm64-musl",
        "@rolldown/binding-linux-ppc64-gnu",
        "@rolldown/binding-linux-s390x-gnu",
        "@rolldown/binding-linux-x64-gnu",
        "@rolldown/binding-linux-x64-musl",
        "@rolldown/binding-openharmony-arm64",
        "@rolldown/binding-wasm32-wasi",
        "@rolldown/binding-win32-arm64-msvc",
        "@rolldown/binding-win32-x64-msvc"
      ],
      "bin": true
    },
    "safe-stable-stringify@2.5.0": {
      "integrity": "sha512-b3rppTKm9T+PsVCBEOUR46GWI7fdOs00VKZ1+9c1EWDaDMvjQc6tUwuFyIprgGgTcWoVHSKrU8H31ZHA2e0RHA=="
    },
    "sonic-boom@4.2.1": {
      "integrity": "sha512-w6AxtubXa2wTXAUsZMMWERrsIRAdrK0Sc+FUytWvYAhBJLyuI4llrMIC1DtlNSdI99EI86KZum2MMq3EAZlF9Q==",
      "dependencies": [
        "atomic-sleep"
      ]
    },
    "split2@4.2.0": {
      "integrity": "sha512-UcjcJOWknrNkF6PLX83qcHM6KHgVKNkV62Y8a5uYDVv9ydGQVwAHMKqHdJje1VTWpljG0WYpCDhrCdAOYH4TWg=="
    },
    "thread-stream@4.2.0": {
      "integrity": "sha512-e2zZ96wSChazBsbENf/Pcm/4swHt2cEKQ92rhUjkL9GCKiTDJIaTBenjE/m9DXi0QBmTMDkFDdOomUy20A1tDQ==",
      "dependencies": [
        "real-require@1.0.0"
      ]
    },
    "tslib@2.8.1": {
      "integrity": "sha512-oJFu94HQb+KVduSUQL7wnpmqnfmLsOA/nAh6b6EH0wCEoK0/mPeXU6c3wKDV83MkOuHPRHtSXKKU99IBazS/2w=="
    }
  },
  "workspace": {
    "dependencies": [
      "jsr:@std/assert@^1.0.14",
      "npm:pino@10.3.1",
      "npm:rolldown@1.1.2"
    ]
  }
}
